
Microsoft Visual Studio Solution File, Format Version 12.00
# Visual Studio Version 16
VisualStudioVersion = 16.0.28917.181
MinimumVisualStudioVersion = 10.0.40219.1
Project("{FAE04EC0-301F-11D3-BF4B-00C04F79EFBC}") = "SHAPESHIFTER", "SHAPESHIFTER.csproj", "{84FB4A05-E710-4C7C-AEA7-669D8C732A85}"
EndProject
Global
	GlobalSection(SolutionConfigurationPlatforms) = preSolution
		Debug|Any CPU = Debug|Any CPU
		Release|Any CPU = Release|Any CPU
	EndGlobalSection
	GlobalSection(ProjectConfigurationPlatforms) = postSolution
		{84FB4A05-E710-4C7C-AEA7-669D8C732A85}.Debug|Any CPU.ActiveCfg = Debug|Any CPU
		{84FB4A05-E710-4C7C-AEA7-669D8C732A85}.Debug|Any CPU.Build.0 = Debug|Any CPU
		{84FB4A05-E710-4C7C-AEA7-669D8C732A85}.Release|Any CPU.ActiveCfg = Release|Any CPU
		{84FB4A05-E710-4C7C-AEA7-669D8C732A85}.Release|Any CPU.Build.0 = Release|Any CPU
	EndGlobalSection
	GlobalSection(SolutionProperties) = preSolution
		HideSolutionNode = FALSE
	EndGlobalSection
	GlobalSection(ExtensibilityGlobals) = postSolution
		SolutionGuid = {4B109EED-FBF0-4CD9-96B5-94E93762CA1E}
	EndGlobalSection
EndGlobal
